
Microsoft Visual Studio Solution File, Format Version 12.00
# Visual Studio Version 16
VisualStudioVersion = 16.0.30413.136
MinimumVisualStudioVersion = 10.0.40219.1
Project("{FAE04EC0-301F-11D3-BF4B-00C04F79EFBC}") = "DesignedProject", "DockPanel\DesignedProject.csproj", "{8F385F91-B690-4820-A52F-699D31C93BDA}"
EndProject
Global
	GlobalSection(SolutionConfigurationPlatforms) = preSolution
		Debug|Any CPU = Debug|Any CPU
		Release|Any CPU = Release|Any CPU
	EndGlobalSection
	GlobalSection(ProjectConfigurationPlatforms) = postSolution
		{8F385F91-B690-4820-A52F-699D31C93BDA}.Debug|Any CPU.ActiveCfg = Debug|Any CPU
		{8F385F91-B690-4820-A52F-699D31C93BDA}.Debug|Any CPU.Build.0 = Debug|Any CPU
		{8F385F91-B690-4820-A52F-699D31C93BDA}.Release|Any CPU.ActiveCfg = Release|Any CPU
		{8F385F91-B690-4820-A52F-699D31C93BDA}.Release|Any CPU.Build.0 = Release|Any CPU
	EndGlobalSection
	GlobalSection(SolutionProperties) = preSolution
		HideSolutionNode = FALSE
	EndGlobalSection
	GlobalSection(ExtensibilityGlobals) = postSolution
		SolutionGuid = {75643F71-0158-45AB-955F-DA36CBEBA30C}
	EndGlobalSection
EndGlobal
